
Microsoft Visual Studio Solution File, Format Version 12.00
# Visual Studio Version 17
VisualStudioVersion = 17.8.34525.116
MinimumVisualStudioVersion = 10.0.40219.1
Project("{FAE04EC0-301F-11D3-BF4B-00C04F79EFBC}") = "Assignment_Quiz1", "Assignment_Quiz1\Assignment_Quiz1.csproj", "{D174CCD4-41C7-460A-9DFC-4832DA3EC58C}"
EndProject
Global
	GlobalSection(SolutionConfigurationPlatforms) = preSolution
		Debug|Any CPU = Debug|Any CPU
		Release|Any CPU = Release|Any CPU
	EndGlobalSection
	GlobalSection(ProjectConfigurationPlatforms) = postSolution
		{D174CCD4-41C7-460A-9DFC-4832DA3EC58C}.Debug|Any CPU.ActiveCfg = Debug|Any CPU
		{D174CCD4-41C7-460A-9DFC-4832DA3EC58C}.Debug|Any CPU.Build.0 = Debug|Any CPU
		{D174CCD4-41C7-460A-9DFC-4832DA3EC58C}.Release|Any CPU.ActiveCfg = Release|Any CPU
		{D174CCD4-41C7-460A-9DFC-4832DA3EC58C}.Release|Any CPU.Build.0 = Release|Any CPU
	EndGlobalSection
	GlobalSection(SolutionProperties) = preSolution
		HideSolutionNode = FALSE
	EndGlobalSection
	GlobalSection(ExtensibilityGlobals) = postSolution
		SolutionGuid = {7976A7D6-E3F7-4AEA-9727-88012F67BD26}
	EndGlobalSection
EndGlobal
