
Microsoft Visual Studio Solution File, Format Version 12.00
# Visual Studio Version 17
VisualStudioVersion = 17.9.34728.123
MinimumVisualStudioVersion = 10.0.40219.1
Project("{FAE04EC0-301F-11D3-BF4B-00C04F79EFBC}") = "Assignment_ConnectingtoDatabase", "Assignment_ConnectingtoDatabase\Assignment_ConnectingtoDatabase.csproj", "{1F207E0F-1C93-4FFF-996A-8DE6D0181E66}"
EndProject
Global
	GlobalSection(SolutionConfigurationPlatforms) = preSolution
		Debug|Any CPU = Debug|Any CPU
		Release|Any CPU = Release|Any CPU
	EndGlobalSection
	GlobalSection(ProjectConfigurationPlatforms) = postSolution
		{1F207E0F-1C93-4FFF-996A-8DE6D0181E66}.Debug|Any CPU.ActiveCfg = Debug|Any CPU
		{1F207E0F-1C93-4FFF-996A-8DE6D0181E66}.Debug|Any CPU.Build.0 = Debug|Any CPU
		{1F207E0F-1C93-4FFF-996A-8DE6D0181E66}.Release|Any CPU.ActiveCfg = Release|Any CPU
		{1F207E0F-1C93-4FFF-996A-8DE6D0181E66}.Release|Any CPU.Build.0 = Release|Any CPU
	EndGlobalSection
	GlobalSection(SolutionProperties) = preSolution
		HideSolutionNode = FALSE
	EndGlobalSection
	GlobalSection(ExtensibilityGlobals) = postSolution
		SolutionGuid = {619AEB67-95E8-4F8C-B3FA-DBB513D6911F}
	EndGlobalSection
EndGlobal
